
Microsoft Visual Studio Solution File, Format Version 12.00
# Visual Studio 2013
VisualStudioVersion = 12.0.40629.0
MinimumVisualStudioVersion = 10.0.40219.1
Project("{FAE04EC0-301F-11D3-BF4B-00C04F79EFBC}") = "NCD", "NCD\NCD.csproj", "{53A01F8D-6E16-451B-99C7-1C53D754E86F}"
EndProject
Project("{FAE04EC0-301F-11D3-BF4B-00C04F79EFBC}") = "NCD.Infrastructure", "NCD.Infrastructure\NCD.Infrastructure.csproj", "{6DE0747C-990A-4E3B-9F7B-D8A974762F44}"
EndProject
Project("{FAE04EC0-301F-11D3-BF4B-00C04F79EFBC}") = "NCD.Application", "NCD.Application\NCD.Application.csproj", "{0FC0B9CA-9D07-43E8-98FE-3CC3DA1B0FE4}"
EndProject
Project("{FAE04EC0-301F-11D3-BF4B-00C04F79EFBC}") = "PasswordEncrypt", "PasswordEncrypt\PasswordEncrypt.csproj", "{ECF14BF9-E982-4442-A26D-C434F8DA5D52}"
EndProject
Project("{FAE04EC0-301F-11D3-BF4B-00C04F79EFBC}") = "Foolproof", "FoolProof\Foolproof.csproj", "{46E69639-CB61-4DB0-AD4E-6515FDEFB6C1}"
EndProject
Project("{2150E333-8FDC-42A3-9474-1A3956D46DE8}") = ".nuget", ".nuget", "{A36A5028-D4D2-4D03-8B46-27C19C6EAABD}"
	ProjectSection(SolutionItems) = preProject
		.nuget\NuGet.Config = .nuget\NuGet.Config
		.nuget\NuGet.exe = .nuget\NuGet.exe
		.nuget\NuGet.targets = .nuget\NuGet.targets
	EndProjectSection
EndProject
Project("{FAE04EC0-301F-11D3-BF4B-00C04F79EFBC}") = "NCD.Constants", "NCD.Constants\NCD.Constants.csproj", "{032A5866-830D-42C9-B562-1788212BC619}"
EndProject
Project("{2150E333-8FDC-42A3-9474-1A3956D46DE8}") = "Solution Items", "Solution Items", "{799EABB5-24F4-4CD2-9CDB-19D5DE7FD50D}"
	ProjectSection(SolutionItems) = preProject
		WebEssentials-Settings.json = WebEssentials-Settings.json
	EndProjectSection
EndProject
Global
	GlobalSection(SolutionConfigurationPlatforms) = preSolution
		Debug|Any CPU = Debug|Any CPU
		Release|Any CPU = Release|Any CPU
	EndGlobalSection
	GlobalSection(ProjectConfigurationPlatforms) = postSolution
		{53A01F8D-6E16-451B-99C7-1C53D754E86F}.Debug|Any CPU.ActiveCfg = Debug|Any CPU
		{53A01F8D-6E16-451B-99C7-1C53D754E86F}.Debug|Any CPU.Build.0 = Debug|Any CPU
		{53A01F8D-6E16-451B-99C7-1C53D754E86F}.Release|Any CPU.ActiveCfg = Release|Any CPU
		{53A01F8D-6E16-451B-99C7-1C53D754E86F}.Release|Any CPU.Build.0 = Release|Any CPU
		{6DE0747C-990A-4E3B-9F7B-D8A974762F44}.Debug|Any CPU.ActiveCfg = Debug|Any CPU
		{6DE0747C-990A-4E3B-9F7B-D8A974762F44}.Debug|Any CPU.Build.0 = Debug|Any CPU
		{6DE0747C-990A-4E3B-9F7B-D8A974762F44}.Release|Any CPU.ActiveCfg = Release|Any CPU
		{6DE0747C-990A-4E3B-9F7B-D8A974762F44}.Release|Any CPU.Build.0 = Release|Any CPU
		{0FC0B9CA-9D07-43E8-98FE-3CC3DA1B0FE4}.Debug|Any CPU.ActiveCfg = Debug|Any CPU
		{0FC0B9CA-9D07-43E8-98FE-3CC3DA1B0FE4}.Debug|Any CPU.Build.0 = Debug|Any CPU
		{0FC0B9CA-9D07-43E8-98FE-3CC3DA1B0FE4}.Release|Any CPU.ActiveCfg = Release|Any CPU
		{0FC0B9CA-9D07-43E8-98FE-3CC3DA1B0FE4}.Release|Any CPU.Build.0 = Release|Any CPU
		{ECF14BF9-E982-4442-A26D-C434F8DA5D52}.Debug|Any CPU.ActiveCfg = Debug|Any CPU
		{ECF14BF9-E982-4442-A26D-C434F8DA5D52}.Debug|Any CPU.Build.0 = Debug|Any CPU
		{ECF14BF9-E982-4442-A26D-C434F8DA5D52}.Release|Any CPU.ActiveCfg = Release|Any CPU
		{ECF14BF9-E982-4442-A26D-C434F8DA5D52}.Release|Any CPU.Build.0 = Release|Any CPU
		{46E69639-CB61-4DB0-AD4E-6515FDEFB6C1}.Debug|Any CPU.ActiveCfg = Debug|Any CPU
		{46E69639-CB61-4DB0-AD4E-6515FDEFB6C1}.Debug|Any CPU.Build.0 = Debug|Any CPU
		{46E69639-CB61-4DB0-AD4E-6515FDEFB6C1}.Release|Any CPU.ActiveCfg = Release|Any CPU
		{46E69639-CB61-4DB0-AD4E-6515FDEFB6C1}.Release|Any CPU.Build.0 = Release|Any CPU
		{032A5866-830D-42C9-B562-1788212BC619}.Debug|Any CPU.ActiveCfg = Debug|Any CPU
		{032A5866-830D-42C9-B562-1788212BC619}.Debug|Any CPU.Build.0 = Debug|Any CPU
		{032A5866-830D-42C9-B562-1788212BC619}.Release|Any CPU.ActiveCfg = Release|Any CPU
		{032A5866-830D-42C9-B562-1788212BC619}.Release|Any CPU.Build.0 = Release|Any CPU
	EndGlobalSection
	GlobalSection(SolutionProperties) = preSolution
		HideSolutionNode = FALSE
	EndGlobalSection
EndGlobal
